
Microsoft Visual Studio Solution File, Format Version 12.00
# Visual Studio Version 17
VisualStudioVersion = 17.4.33213.308
MinimumVisualStudioVersion = 10.0.40219.1
Project("{FAE04EC0-301F-11D3-BF4B-00C04F79EFBC}") = "RemediosIO", "RemediosIO\RemediosIO.csproj", "{94716773-0329-4FD3-9018-FDFF6C930EF4}"
EndProject
Global
	GlobalSection(SolutionConfigurationPlatforms) = preSolution
		Debug|Any CPU = Debug|Any CPU
		Release|Any CPU = Release|Any CPU
	EndGlobalSection
	GlobalSection(ProjectConfigurationPlatforms) = postSolution
		{94716773-0329-4FD3-9018-FDFF6C930EF4}.Debug|Any CPU.ActiveCfg = Debug|Any CPU
		{94716773-0329-4FD3-9018-FDFF6C930EF4}.Debug|Any CPU.Build.0 = Debug|Any CPU
		{94716773-0329-4FD3-9018-FDFF6C930EF4}.Release|Any CPU.ActiveCfg = Release|Any CPU
		{94716773-0329-4FD3-9018-FDFF6C930EF4}.Release|Any CPU.Build.0 = Release|Any CPU
	EndGlobalSection
	GlobalSection(SolutionProperties) = preSolution
		HideSolutionNode = FALSE
	EndGlobalSection
	GlobalSection(ExtensibilityGlobals) = postSolution
		SolutionGuid = {05FC9783-1C1D-4247-9734-B1BF00CCA4B4}
	EndGlobalSection
EndGlobal
